
Microsoft Visual Studio Solution File, Format Version 12.00
# Visual Studio 14
VisualStudioVersion = 14.0.25420.1
MinimumVisualStudioVersion = 10.0.40219.1
Project("{FAE04EC0-301F-11D3-BF4B-00C04F79EFBC}") = "ConsoleClient", "ConsoleClient\ConsoleClient.csproj", "{A1023175-AB5F-47A9-B616-AAE3CD9E1410}"
EndProject
Project("{FAE04EC0-301F-11D3-BF4B-00C04F79EFBC}") = "PersonManagement", "PersonManagement\PersonManagement.csproj", "{1AC18D58-9F12-4DD5-963D-09E8AC5DC17A}"
EndProject
Project("{FAE04EC0-301F-11D3-BF4B-00C04F79EFBC}") = "DataClasses", "DataClasses\DataClasses.csproj", "{8C41E013-2118-4B96-BF51-0BFDB353A030}"
EndProject
Project("{FAE04EC0-301F-11D3-BF4B-00C04F79EFBC}") = "DataStoring", "DataStoring\DataStoring.csproj", "{851E64FF-FCDD-4567-BBED-B9D2E033FF9C}"
EndProject
Project("{2150E333-8FDC-42A3-9474-1A3956D46DE8}") = "CrossCutting", "CrossCutting", "{DB5CAB01-2467-47A0-990A-04AF4ED40368}"
EndProject
Project("{2150E333-8FDC-42A3-9474-1A3956D46DE8}") = "UI", "UI", "{3FF01E1E-81CA-4C86-BD8A-4FF51AE4402E}"
EndProject
Project("{2150E333-8FDC-42A3-9474-1A3956D46DE8}") = "Logic", "Logic", "{8FC447C7-C28A-4FF1-B752-98FD9C0FDC57}"
EndProject
Project("{2150E333-8FDC-42A3-9474-1A3956D46DE8}") = "Data", "Data", "{16C27EA4-ACBB-40D2-ACB3-5A1FCD742E66}"
EndProject
Project("{2150E333-8FDC-42A3-9474-1A3956D46DE8}") = "Infrastructure", "Infrastructure", "{6CEE19E4-B629-41B3-AFF3-FDC9F59073BA}"
EndProject
Project("{FAE04EC0-301F-11D3-BF4B-00C04F79EFBC}") = "Mappings", "Mappings\Mappings.csproj", "{D35FD1CD-7AD6-4AE8-A06E-4936C51D5EF9}"
EndProject
Global
	GlobalSection(SolutionConfigurationPlatforms) = preSolution
		Debug|Any CPU = Debug|Any CPU
		Release|Any CPU = Release|Any CPU
	EndGlobalSection
	GlobalSection(ProjectConfigurationPlatforms) = postSolution
		{A1023175-AB5F-47A9-B616-AAE3CD9E1410}.Debug|Any CPU.ActiveCfg = Debug|Any CPU
		{A1023175-AB5F-47A9-B616-AAE3CD9E1410}.Debug|Any CPU.Build.0 = Debug|Any CPU
		{A1023175-AB5F-47A9-B616-AAE3CD9E1410}.Release|Any CPU.ActiveCfg = Release|Any CPU
		{A1023175-AB5F-47A9-B616-AAE3CD9E1410}.Release|Any CPU.Build.0 = Release|Any CPU
		{1AC18D58-9F12-4DD5-963D-09E8AC5DC17A}.Debug|Any CPU.ActiveCfg = Debug|Any CPU
		{1AC18D58-9F12-4DD5-963D-09E8AC5DC17A}.Debug|Any CPU.Build.0 = Debug|Any CPU
		{1AC18D58-9F12-4DD5-963D-09E8AC5DC17A}.Release|Any CPU.ActiveCfg = Release|Any CPU
		{1AC18D58-9F12-4DD5-963D-09E8AC5DC17A}.Release|Any CPU.Build.0 = Release|Any CPU
		{8C41E013-2118-4B96-BF51-0BFDB353A030}.Debug|Any CPU.ActiveCfg = Debug|Any CPU
		{8C41E013-2118-4B96-BF51-0BFDB353A030}.Debug|Any CPU.Build.0 = Debug|Any CPU
		{8C41E013-2118-4B96-BF51-0BFDB353A030}.Release|Any CPU.ActiveCfg = Release|Any CPU
		{8C41E013-2118-4B96-BF51-0BFDB353A030}.Release|Any CPU.Build.0 = Release|Any CPU
		{851E64FF-FCDD-4567-BBED-B9D2E033FF9C}.Debug|Any CPU.ActiveCfg = Debug|Any CPU
		{851E64FF-FCDD-4567-BBED-B9D2E033FF9C}.Debug|Any CPU.Build.0 = Debug|Any CPU
		{851E64FF-FCDD-4567-BBED-B9D2E033FF9C}.Release|Any CPU.ActiveCfg = Release|Any CPU
		{851E64FF-FCDD-4567-BBED-B9D2E033FF9C}.Release|Any CPU.Build.0 = Release|Any CPU
		{D35FD1CD-7AD6-4AE8-A06E-4936C51D5EF9}.Debug|Any CPU.ActiveCfg = Debug|Any CPU
		{D35FD1CD-7AD6-4AE8-A06E-4936C51D5EF9}.Debug|Any CPU.Build.0 = Debug|Any CPU
		{D35FD1CD-7AD6-4AE8-A06E-4936C51D5EF9}.Release|Any CPU.ActiveCfg = Release|Any CPU
		{D35FD1CD-7AD6-4AE8-A06E-4936C51D5EF9}.Release|Any CPU.Build.0 = Release|Any CPU
	EndGlobalSection
	GlobalSection(SolutionProperties) = preSolution
		HideSolutionNode = FALSE
	EndGlobalSection
	GlobalSection(NestedProjects) = preSolution
		{A1023175-AB5F-47A9-B616-AAE3CD9E1410} = {3FF01E1E-81CA-4C86-BD8A-4FF51AE4402E}
		{1AC18D58-9F12-4DD5-963D-09E8AC5DC17A} = {8FC447C7-C28A-4FF1-B752-98FD9C0FDC57}
		{8C41E013-2118-4B96-BF51-0BFDB353A030} = {DB5CAB01-2467-47A0-990A-04AF4ED40368}
		{851E64FF-FCDD-4567-BBED-B9D2E033FF9C} = {16C27EA4-ACBB-40D2-ACB3-5A1FCD742E66}
		{D35FD1CD-7AD6-4AE8-A06E-4936C51D5EF9} = {6CEE19E4-B629-41B3-AFF3-FDC9F59073BA}
	EndGlobalSection
EndGlobal
